{
  "object": {
    "pins": [
      {
        "package": "ExplicitArchitecture",
        "repositoryURL": "https://github.com/RobinNunkesser/explicitarchitecture-spm.git",
        "state": {
          "branch": null,
          "revision": "22f239b1f42c9bb797341584aca94cc31484619a",
          "version": "0.0.1"
        }
      },
      {
        "package": "TunesearchCorePorts",
        "repositoryURL": "https://github.com/RobinNunkesser/explicitarchitecture-tunesearch-core-ports-spm.git",
        "state": {
          "branch": null,
          "revision": "232e611c99bcd8a82561bcf2a60dd6024ae41e34",
          "version": "0.0.3"
        }
      }
    ]
  },
  "version": 1
}
